
Microsoft Visual Studio Solution File, Format Version 12.00
# Visual Studio Version 16
VisualStudioVersion = 16.0.29209.62
MinimumVisualStudioVersion = 10.0.40219.1
Project("{FAE04EC0-301F-11D3-BF4B-00C04F79EFBC}") = "RadyolojiTakip", "RadyolojiTakip\RadyolojiTakip.csproj", "{C851BE1A-51E8-446E-99AE-9FEFB2155AA3}"
EndProject
Project("{FAE04EC0-301F-11D3-BF4B-00C04F79EFBC}") = "RadyolojiDataService", "RadyolojiDataService\RadyolojiDataService.csproj", "{6404EEC8-B709-4DD1-8B6E-5F890CFEAE07}"
EndProject
Global
	GlobalSection(SolutionConfigurationPlatforms) = preSolution
		Debug|Any CPU = Debug|Any CPU
		Release|Any CPU = Release|Any CPU
	EndGlobalSection
	GlobalSection(ProjectConfigurationPlatforms) = postSolution
		{C851BE1A-51E8-446E-99AE-9FEFB2155AA3}.Debug|Any CPU.ActiveCfg = Debug|Any CPU
		{C851BE1A-51E8-446E-99AE-9FEFB2155AA3}.Debug|Any CPU.Build.0 = Debug|Any CPU
		{C851BE1A-51E8-446E-99AE-9FEFB2155AA3}.Release|Any CPU.ActiveCfg = Release|Any CPU
		{C851BE1A-51E8-446E-99AE-9FEFB2155AA3}.Release|Any CPU.Build.0 = Release|Any CPU
		{6404EEC8-B709-4DD1-8B6E-5F890CFEAE07}.Debug|Any CPU.ActiveCfg = Debug|Any CPU
		{6404EEC8-B709-4DD1-8B6E-5F890CFEAE07}.Debug|Any CPU.Build.0 = Debug|Any CPU
		{6404EEC8-B709-4DD1-8B6E-5F890CFEAE07}.Release|Any CPU.ActiveCfg = Release|Any CPU
		{6404EEC8-B709-4DD1-8B6E-5F890CFEAE07}.Release|Any CPU.Build.0 = Release|Any CPU
	EndGlobalSection
	GlobalSection(SolutionProperties) = preSolution
		HideSolutionNode = FALSE
	EndGlobalSection
	GlobalSection(ExtensibilityGlobals) = postSolution
		SolutionGuid = {E656D0EB-C040-4D0E-906A-D4ABB897AD95}
	EndGlobalSection
EndGlobal
